
Microsoft Visual Studio Solution File, Format Version 12.00
# Visual Studio Version 17
VisualStudioVersion = 17.11.35303.130
MinimumVisualStudioVersion = 10.0.40219.1
Project("{8BC9CEB8-8B4A-11D0-8D11-00A0C91BC942}") = "Laboratorna robota 10.1.A", "Laboratorna robota 10.1.A\Laboratorna robota 10.1.A.vcxproj", "{315F2E58-99CD-4CA4-89C2-B704F8542E4D}"
EndProject
Global
	GlobalSection(SolutionConfigurationPlatforms) = preSolution
		Debug|x64 = Debug|x64
		Debug|x86 = Debug|x86
		Release|x64 = Release|x64
		Release|x86 = Release|x86
	EndGlobalSection
	GlobalSection(ProjectConfigurationPlatforms) = postSolution
		{315F2E58-99CD-4CA4-89C2-B704F8542E4D}.Debug|x64.ActiveCfg = Debug|x64
		{315F2E58-99CD-4CA4-89C2-B704F8542E4D}.Debug|x64.Build.0 = Debug|x64
		{315F2E58-99CD-4CA4-89C2-B704F8542E4D}.Debug|x86.ActiveCfg = Debug|Win32
		{315F2E58-99CD-4CA4-89C2-B704F8542E4D}.Debug|x86.Build.0 = Debug|Win32
		{315F2E58-99CD-4CA4-89C2-B704F8542E4D}.Release|x64.ActiveCfg = Release|x64
		{315F2E58-99CD-4CA4-89C2-B704F8542E4D}.Release|x64.Build.0 = Release|x64
		{315F2E58-99CD-4CA4-89C2-B704F8542E4D}.Release|x86.ActiveCfg = Release|Win32
		{315F2E58-99CD-4CA4-89C2-B704F8542E4D}.Release|x86.Build.0 = Release|Win32
	EndGlobalSection
	GlobalSection(SolutionProperties) = preSolution
		HideSolutionNode = FALSE
	EndGlobalSection
	GlobalSection(ExtensibilityGlobals) = postSolution
		SolutionGuid = {8AB2983D-321C-473B-9692-1D6EDA6C5473}
	EndGlobalSection
EndGlobal
